
Microsoft Visual Studio Solution File, Format Version 12.00
# Visual Studio 14
VisualStudioVersion = 14.0.25420.1
MinimumVisualStudioVersion = 10.0.40219.1
Project("{FAE04EC0-301F-11D3-BF4B-00C04F79EFBC}") = "Chatroom", "Chatroom\Chatroom\Chatroom.csproj", "{343CEF96-F946-4FAF-95F5-0636357B38C6}"
EndProject
Project("{FAE04EC0-301F-11D3-BF4B-00C04F79EFBC}") = "Chatroom.Droid", "Chatroom\Chatroom.Droid\Chatroom.Droid.csproj", "{5E40AB76-0FA5-4382-892B-94E02A243ECB}"
EndProject
Project("{FAE04EC0-301F-11D3-BF4B-00C04F79EFBC}") = "Chatroom.iOS", "Chatroom\Chatroom.iOS\Chatroom.iOS.csproj", "{B59987F0-FFED-4C79-90A0-C527FAFFCB96}"
EndProject
Project("{FAE04EC0-301F-11D3-BF4B-00C04F79EFBC}") = "Chatroom.WinPhone", "Chatroom\Chatroom.WinPhone\Chatroom.WinPhone.csproj", "{9A8250B8-3147-4795-9825-A873C5641778}"
EndProject
Project("{FAE04EC0-301F-11D3-BF4B-00C04F79EFBC}") = "Chatroom.UWP", "Chatroom\Chatroom.UWP\Chatroom.UWP.csproj", "{94C8652E-7526-448C-8749-0A49E9591133}"
EndProject
Project("{FAE04EC0-301F-11D3-BF4B-00C04F79EFBC}") = "Chatroom.Windows", "Chatroom\Chatroom.Windows\Chatroom.Windows.csproj", "{2835D84D-632F-4596-A836-AE56A0B0209B}"
EndProject
Global
	GlobalSection(SolutionConfigurationPlatforms) = preSolution
		Ad-Hoc|Any CPU = Ad-Hoc|Any CPU
		Ad-Hoc|ARM = Ad-Hoc|ARM
		Ad-Hoc|iPhone = Ad-Hoc|iPhone
		Ad-Hoc|iPhoneSimulator = Ad-Hoc|iPhoneSimulator
		Ad-Hoc|x64 = Ad-Hoc|x64
		Ad-Hoc|x86 = Ad-Hoc|x86
		AppStore|Any CPU = AppStore|Any CPU
		AppStore|ARM = AppStore|ARM
		AppStore|iPhone = AppStore|iPhone
		AppStore|iPhoneSimulator = AppStore|iPhoneSimulator
		AppStore|x64 = AppStore|x64
		AppStore|x86 = AppStore|x86
		Debug|Any CPU = Debug|Any CPU
		Debug|ARM = Debug|ARM
		Debug|iPhone = Debug|iPhone
		Debug|iPhoneSimulator = Debug|iPhoneSimulator
		Debug|x64 = Debug|x64
		Debug|x86 = Debug|x86
		Release|Any CPU = Release|Any CPU
		Release|ARM = Release|ARM
		Release|iPhone = Release|iPhone
		Release|iPhoneSimulator = Release|iPhoneSimulator
		Release|x64 = Release|x64
		Release|x86 = Release|x86
	EndGlobalSection
	GlobalSection(ProjectConfigurationPlatforms) = postSolution
		{343CEF96-F946-4FAF-95F5-0636357B38C6}.Ad-Hoc|Any CPU.ActiveCfg = Release|Any CPU
		{343CEF96-F946-4FAF-95F5-0636357B38C6}.Ad-Hoc|Any CPU.Build.0 = Release|Any CPU
		{343CEF96-F946-4FAF-95F5-0636357B38C6}.Ad-Hoc|ARM.ActiveCfg = Release|Any CPU
		{343CEF96-F946-4FAF-95F5-0636357B38C6}.Ad-Hoc|ARM.Build.0 = Release|Any CPU
		{343CEF96-F946-4FAF-95F5-0636357B38C6}.Ad-Hoc|iPhone.ActiveCfg = Release|Any CPU
		{343CEF96-F946-4FAF-95F5-0636357B38C6}.Ad-Hoc|iPhone.Build.0 = Release|Any CPU
		{343CEF96-F946-4FAF-95F5-0636357B38C6}.Ad-Hoc|iPhoneSimulator.ActiveCfg = Release|Any CPU
		{343CEF96-F946-4FAF-95F5-0636357B38C6}.Ad-Hoc|iPhoneSimulator.Build.0 = Release|Any CPU
		{343CEF96-F946-4FAF-95F5-0636357B38C6}.Ad-Hoc|x64.ActiveCfg = Release|Any CPU
		{343CEF96-F946-4FAF-95F5-0636357B38C6}.Ad-Hoc|x64.Build.0 = Release|Any CPU
		{343CEF96-F946-4FAF-95F5-0636357B38C6}.Ad-Hoc|x86.ActiveCfg = Release|Any CPU
		{343CEF96-F946-4FAF-95F5-0636357B38C6}.Ad-Hoc|x86.Build.0 = Release|Any CPU
		{343CEF96-F946-4FAF-95F5-0636357B38C6}.AppStore|Any CPU.ActiveCfg = Release|Any CPU
		{343CEF96-F946-4FAF-95F5-0636357B38C6}.AppStore|Any CPU.Build.0 = Release|Any CPU
		{343CEF96-F946-4FAF-95F5-0636357B38C6}.AppStore|ARM.ActiveCfg = Release|Any CPU
		{343CEF96-F946-4FAF-95F5-0636357B38C6}.AppStore|ARM.Build.0 = Release|Any CPU
		{343CEF96-F946-4FAF-95F5-0636357B38C6}.AppStore|iPhone.ActiveCfg = Release|Any CPU
		{343CEF96-F946-4FAF-95F5-0636357B38C6}.AppStore|iPhone.Build.0 = Release|Any CPU
		{343CEF96-F946-4FAF-95F5-0636357B38C6}.AppStore|iPhoneSimulator.ActiveCfg = Release|Any CPU
		{343CEF96-F946-4FAF-95F5-0636357B38C6}.AppStore|iPhoneSimulator.Build.0 = Release|Any CPU
		{343CEF96-F946-4FAF-95F5-0636357B38C6}.AppStore|x64.ActiveCfg = Release|Any CPU
		{343CEF96-F946-4FAF-95F5-0636357B38C6}.AppStore|x64.Build.0 = Release|Any CPU
		{343CEF96-F946-4FAF-95F5-0636357B38C6}.AppStore|x86.ActiveCfg = Release|Any CPU
		{343CEF96-F946-4FAF-95F5-0636357B38C6}.AppStore|x86.Build.0 = Release|Any CPU
		{343CEF96-F946-4FAF-95F5-0636357B38C6}.Debug|Any CPU.ActiveCfg = Debug|Any CPU
		{343CEF96-F946-4FAF-95F5-0636357B38C6}.Debug|Any CPU.Build.0 = Debug|Any CPU
		{343CEF96-F946-4FAF-95F5-0636357B38C6}.Debug|ARM.ActiveCfg = Debug|Any CPU
		{343CEF96-F946-4FAF-95F5-0636357B38C6}.Debug|ARM.Build.0 = Debug|Any CPU
		{343CEF96-F946-4FAF-95F5-0636357B38C6}.Debug|iPhone.ActiveCfg = Debug|Any CPU
		{343CEF96-F946-4FAF-95F5-0636357B38C6}.Debug|iPhone.Build.0 = Debug|Any CPU
		{343CEF96-F946-4FAF-95F5-0636357B38C6}.Debug|iPhoneSimulator.ActiveCfg = Debug|Any CPU
		{343CEF96-F946-4FAF-95F5-0636357B38C6}.Debug|iPhoneSimulator.Build.0 = Debug|Any CPU
		{343CEF96-F946-4FAF-95F5-0636357B38C6}.Debug|x64.ActiveCfg = Debug|Any CPU
		{343CEF96-F946-4FAF-95F5-0636357B38C6}.Debug|x64.Build.0 = Debug|Any CPU
		{343CEF96-F946-4FAF-95F5-0636357B38C6}.Debug|x86.ActiveCfg = Debug|Any CPU
		{343CEF96-F946-4FAF-95F5-0636357B38C6}.Debug|x86.Build.0 = Debug|Any CPU
		{343CEF96-F946-4FAF-95F5-0636357B38C6}.Release|Any CPU.ActiveCfg = Release|Any CPU
		{343CEF96-F946-4FAF-95F5-0636357B38C6}.Release|Any CPU.Build.0 = Release|Any CPU
		{343CEF96-F946-4FAF-95F5-0636357B38C6}.Release|ARM.ActiveCfg = Release|Any CPU
		{343CEF96-F946-4FAF-95F5-0636357B38C6}.Release|ARM.Build.0 = Release|Any CPU
		{343CEF96-F946-4FAF-95F5-0636357B38C6}.Release|iPhone.ActiveCfg = Release|Any CPU
		{343CEF96-F946-4FAF-95F5-0636357B38C6}.Release|iPhone.Build.0 = Release|Any CPU
		{343CEF96-F946-4FAF-95F5-0636357B38C6}.Release|iPhoneSimulator.ActiveCfg = Release|Any CPU
		{343CEF96-F946-4FAF-95F5-0636357B38C6}.Release|iPhoneSimulator.Build.0 = Release|Any CPU
		{343CEF96-F946-4FAF-95F5-0636357B38C6}.Release|x64.ActiveCfg = Release|Any CPU
		{343CEF96-F946-4FAF-95F5-0636357B38C6}.Release|x64.Build.0 = Release|Any CPU
		{343CEF96-F946-4FAF-95F5-0636357B38C6}.Release|x86.ActiveCfg = Release|Any CPU
		{343CEF96-F946-4FAF-95F5-0636357B38C6}.Release|x86.Build.0 = Release|Any CPU
		{5E40AB76-0FA5-4382-892B-94E02A243ECB}.Ad-Hoc|Any CPU.ActiveCfg = Release|Any CPU
		{5E40AB76-0FA5-4382-892B-94E02A243ECB}.Ad-Hoc|Any CPU.Build.0 = Release|Any CPU
		{5E40AB76-0FA5-4382-892B-94E02A243ECB}.Ad-Hoc|Any CPU.Deploy.0 = Release|Any CPU
		{5E40AB76-0FA5-4382-892B-94E02A243ECB}.Ad-Hoc|ARM.ActiveCfg = Release|Any CPU
		{5E40AB76-0FA5-4382-892B-94E02A243ECB}.Ad-Hoc|ARM.Build.0 = Release|Any CPU
		{5E40AB76-0FA5-4382-892B-94E02A243ECB}.Ad-Hoc|ARM.Deploy.0 = Release|Any CPU
		{5E40AB76-0FA5-4382-892B-94E02A243ECB}.Ad-Hoc|iPhone.ActiveCfg = Release|Any CPU
		{5E40AB76-0FA5-4382-892B-94E02A243ECB}.Ad-Hoc|iPhone.Build.0 = Release|Any CPU
		{5E40AB76-0FA5-4382-892B-94E02A243ECB}.Ad-Hoc|iPhone.Deploy.0 = Release|Any CPU
		{5E40AB76-0FA5-4382-892B-94E02A243ECB}.Ad-Hoc|iPhoneSimulator.ActiveCfg = Release|Any CPU
		{5E40AB76-0FA5-4382-892B-94E02A243ECB}.Ad-Hoc|iPhoneSimulator.Build.0 = Release|Any CPU
		{5E40AB76-0FA5-4382-892B-94E02A243ECB}.Ad-Hoc|iPhoneSimulator.Deploy.0 = Release|Any CPU
		{5E40AB76-0FA5-4382-892B-94E02A243ECB}.Ad-Hoc|x64.ActiveCfg = Release|Any CPU
		{5E40AB76-0FA5-4382-892B-94E02A243ECB}.Ad-Hoc|x64.Build.0 = Release|Any CPU
		{5E40AB76-0FA5-4382-892B-94E02A243ECB}.Ad-Hoc|x64.Deploy.0 = Release|Any CPU
		{5E40AB76-0FA5-4382-892B-94E02A243ECB}.Ad-Hoc|x86.ActiveCfg = Release|Any CPU
		{5E40AB76-0FA5-4382-892B-94E02A243ECB}.Ad-Hoc|x86.Build.0 = Release|Any CPU
		{5E40AB76-0FA5-4382-892B-94E02A243ECB}.Ad-Hoc|x86.Deploy.0 = Release|Any CPU
		{5E40AB76-0FA5-4382-892B-94E02A243ECB}.AppStore|Any CPU.ActiveCfg = Release|Any CPU
		{5E40AB76-0FA5-4382-892B-94E02A243ECB}.AppStore|Any CPU.Build.0 = Release|Any CPU
		{5E40AB76-0FA5-4382-892B-94E02A243ECB}.AppStore|Any CPU.Deploy.0 = Release|Any CPU
		{5E40AB76-0FA5-4382-892B-94E02A243ECB}.AppStore|ARM.ActiveCfg = Release|Any CPU
		{5E40AB76-0FA5-4382-892B-94E02A243ECB}.AppStore|ARM.Build.0 = Release|Any CPU
		{5E40AB76-0FA5-4382-892B-94E02A243ECB}.AppStore|ARM.Deploy.0 = Release|Any CPU
		{5E40AB76-0FA5-4382-892B-94E02A243ECB}.AppStore|iPhone.ActiveCfg = Release|Any CPU
		{5E40AB76-0FA5-4382-892B-94E02A243ECB}.AppStore|iPhone.Build.0 = Release|Any CPU
		{5E40AB76-0FA5-4382-892B-94E02A243ECB}.AppStore|iPhone.Deploy.0 = Release|Any CPU
		{5E40AB76-0FA5-4382-892B-94E02A243ECB}.AppStore|iPhoneSimulator.ActiveCfg = Release|Any CPU
		{5E40AB76-0FA5-4382-892B-94E02A243ECB}.AppStore|iPhoneSimulator.Build.0 = Release|Any CPU
		{5E40AB76-0FA5-4382-892B-94E02A243ECB}.AppStore|iPhoneSimulator.Deploy.0 = Release|Any CPU
		{5E40AB76-0FA5-4382-892B-94E02A243ECB}.AppStore|x64.ActiveCfg = Release|Any CPU
		{5E40AB76-0FA5-4382-892B-94E02A243ECB}.AppStore|x64.Build.0 = Release|Any CPU
		{5E40AB76-0FA5-4382-892B-94E02A243ECB}.AppStore|x64.Deploy.0 = Release|Any CPU
		{5E40AB76-0FA5-4382-892B-94E02A243ECB}.AppStore|x86.ActiveCfg = Release|Any CPU
		{5E40AB76-0FA5-4382-892B-94E02A243ECB}.AppStore|x86.Build.0 = Release|Any CPU
		{5E40AB76-0FA5-4382-892B-94E02A243ECB}.AppStore|x86.Deploy.0 = Release|Any CPU
		{5E40AB76-0FA5-4382-892B-94E02A243ECB}.Debug|Any CPU.ActiveCfg = Debug|Any CPU
		{5E40AB76-0FA5-4382-892B-94E02A243ECB}.Debug|Any CPU.Build.0 = Debug|Any CPU
		{5E40AB76-0FA5-4382-892B-94E02A243ECB}.Debug|Any CPU.Deploy.0 = Debug|Any CPU
		{5E40AB76-0FA5-4382-892B-94E02A243ECB}.Debug|ARM.ActiveCfg = Debug|Any CPU
		{5E40AB76-0FA5-4382-892B-94E02A243ECB}.Debug|ARM.Build.0 = Debug|Any CPU
		{5E40AB76-0FA5-4382-892B-94E02A243ECB}.Debug|ARM.Deploy.0 = Debug|Any CPU
		{5E40AB76-0FA5-4382-892B-94E02A243ECB}.Debug|iPhone.ActiveCfg = Debug|Any CPU
		{5E40AB76-0FA5-4382-892B-94E02A243ECB}.Debug|iPhone.Build.0 = Debug|Any CPU
		{5E40AB76-0FA5-4382-892B-94E02A243ECB}.Debug|iPhone.Deploy.0 = Debug|Any CPU
		{5E40AB76-0FA5-4382-892B-94E02A243ECB}.Debug|iPhoneSimulator.ActiveCfg = Debug|Any CPU
		{5E40AB76-0FA5-4382-892B-94E02A243ECB}.Debug|iPhoneSimulator.Build.0 = Debug|Any CPU
		{5E40AB76-0FA5-4382-892B-94E02A243ECB}.Debug|iPhoneSimulator.Deploy.0 = Debug|Any CPU
		{5E40AB76-0FA5-4382-892B-94E02A243ECB}.Debug|x64.ActiveCfg = Debug|Any CPU
		{5E40AB76-0FA5-4382-892B-94E02A243ECB}.Debug|x64.Build.0 = Debug|Any CPU
		{5E40AB76-0FA5-4382-892B-94E02A243ECB}.Debug|x64.Deploy.0 = Debug|Any CPU
		{5E40AB76-0FA5-4382-892B-94E02A243ECB}.Debug|x86.ActiveCfg = Debug|Any CPU
		{5E40AB76-0FA5-4382-892B-94E02A243ECB}.Debug|x86.Build.0 = Debug|Any CPU
		{5E40AB76-0FA5-4382-892B-94E02A243ECB}.Debug|x86.Deploy.0 = Debug|Any CPU
		{5E40AB76-0FA5-4382-892B-94E02A243ECB}.Release|Any CPU.ActiveCfg = Release|Any CPU
		{5E40AB76-0FA5-4382-892B-94E02A243ECB}.Release|Any CPU.Build.0 = Release|Any CPU
		{5E40AB76-0FA5-4382-892B-94E02A243ECB}.Release|Any CPU.Deploy.0 = Release|Any CPU
		{5E40AB76-0FA5-4382-892B-94E02A243ECB}.Release|ARM.ActiveCfg = Release|Any CPU
		{5E40AB76-0FA5-4382-892B-94E02A243ECB}.Release|ARM.Build.0 = Release|Any CPU
		{5E40AB76-0FA5-4382-892B-94E02A243ECB}.Release|ARM.Deploy.0 = Release|Any CPU
		{5E40AB76-0FA5-4382-892B-94E02A243ECB}.Release|iPhone.ActiveCfg = Release|Any CPU
		{5E40AB76-0FA5-4382-892B-94E02A243ECB}.Release|iPhone.Build.0 = Release|Any CPU
		{5E40AB76-0FA5-4382-892B-94E02A243ECB}.Release|iPhone.Deploy.0 = Release|Any CPU
		{5E40AB76-0FA5-4382-892B-94E02A243ECB}.Release|iPhoneSimulator.ActiveCfg = Release|Any CPU
		{5E40AB76-0FA5-4382-892B-94E02A243ECB}.Release|iPhoneSimulator.Build.0 = Release|Any CPU
		{5E40AB76-0FA5-4382-892B-94E02A243ECB}.Release|iPhoneSimulator.Deploy.0 = Release|Any CPU
		{5E40AB76-0FA5-4382-892B-94E02A243ECB}.Release|x64.ActiveCfg = Release|Any CPU
		{5E40AB76-0FA5-4382-892B-94E02A243ECB}.Release|x64.Build.0 = Release|Any CPU
		{5E40AB76-0FA5-4382-892B-94E02A243ECB}.Release|x64.Deploy.0 = Release|Any CPU
		{5E40AB76-0FA5-4382-892B-94E02A243ECB}.Release|x86.ActiveCfg = Release|Any CPU
		{5E40AB76-0FA5-4382-892B-94E02A243ECB}.Release|x86.Build.0 = Release|Any CPU
		{5E40AB76-0FA5-4382-892B-94E02A243ECB}.Release|x86.Deploy.0 = Release|Any CPU
		{B59987F0-FFED-4C79-90A0-C527FAFFCB96}.Ad-Hoc|Any CPU.ActiveCfg = Ad-Hoc|iPhone
		{B59987F0-FFED-4C79-90A0-C527FAFFCB96}.Ad-Hoc|ARM.ActiveCfg = Ad-Hoc|iPhone
		{B59987F0-FFED-4C79-90A0-C527FAFFCB96}.Ad-Hoc|iPhone.ActiveCfg = Ad-Hoc|iPhone
		{B59987F0-FFED-4C79-90A0-C527FAFFCB96}.Ad-Hoc|iPhone.Build.0 = Ad-Hoc|iPhone
		{B59987F0-FFED-4C79-90A0-C527FAFFCB96}.Ad-Hoc|iPhoneSimulator.ActiveCfg = Ad-Hoc|iPhoneSimulator
		{B59987F0-FFED-4C79-90A0-C527FAFFCB96}.Ad-Hoc|iPhoneSimulator.Build.0 = Ad-Hoc|iPhoneSimulator
		{B59987F0-FFED-4C79-90A0-C527FAFFCB96}.Ad-Hoc|x64.ActiveCfg = Ad-Hoc|iPhone
		{B59987F0-FFED-4C79-90A0-C527FAFFCB96}.Ad-Hoc|x86.ActiveCfg = Ad-Hoc|iPhone
		{B59987F0-FFED-4C79-90A0-C527FAFFCB96}.AppStore|Any CPU.ActiveCfg = AppStore|iPhone
		{B59987F0-FFED-4C79-90A0-C527FAFFCB96}.AppStore|ARM.ActiveCfg = AppStore|iPhone
		{B59987F0-FFED-4C79-90A0-C527FAFFCB96}.AppStore|iPhone.ActiveCfg = AppStore|iPhone
		{B59987F0-FFED-4C79-90A0-C527FAFFCB96}.AppStore|iPhone.Build.0 = AppStore|iPhone
		{B59987F0-FFED-4C79-90A0-C527FAFFCB96}.AppStore|iPhoneSimulator.ActiveCfg = AppStore|iPhoneSimulator
		{B59987F0-FFED-4C79-90A0-C527FAFFCB96}.AppStore|iPhoneSimulator.Build.0 = AppStore|iPhoneSimulator
		{B59987F0-FFED-4C79-90A0-C527FAFFCB96}.AppStore|x64.ActiveCfg = AppStore|iPhone
		{B59987F0-FFED-4C79-90A0-C527FAFFCB96}.AppStore|x86.ActiveCfg = AppStore|iPhone
		{B59987F0-FFED-4C79-90A0-C527FAFFCB96}.Debug|Any CPU.ActiveCfg = Debug|iPhone
		{B59987F0-FFED-4C79-90A0-C527FAFFCB96}.Debug|ARM.ActiveCfg = Debug|iPhone
		{B59987F0-FFED-4C79-90A0-C527FAFFCB96}.Debug|iPhone.ActiveCfg = Debug|iPhone
		{B59987F0-FFED-4C79-90A0-C527FAFFCB96}.Debug|iPhone.Build.0 = Debug|iPhone
		{B59987F0-FFED-4C79-90A0-C527FAFFCB96}.Debug|iPhoneSimulator.ActiveCfg = Debug|iPhoneSimulator
		{B59987F0-FFED-4C79-90A0-C527FAFFCB96}.Debug|iPhoneSimulator.Build.0 = Debug|iPhoneSimulator
		{B59987F0-FFED-4C79-90A0-C527FAFFCB96}.Debug|x64.ActiveCfg = Debug|iPhone
		{B59987F0-FFED-4C79-90A0-C527FAFFCB96}.Debug|x86.ActiveCfg = Debug|iPhone
		{B59987F0-FFED-4C79-90A0-C527FAFFCB96}.Release|Any CPU.ActiveCfg = Release|iPhone
		{B59987F0-FFED-4C79-90A0-C527FAFFCB96}.Release|ARM.ActiveCfg = Release|iPhone
		{B59987F0-FFED-4C79-90A0-C527FAFFCB96}.Release|iPhone.ActiveCfg = Release|iPhone
		{B59987F0-FFED-4C79-90A0-C527FAFFCB96}.Release|iPhone.Build.0 = Release|iPhone
		{B59987F0-FFED-4C79-90A0-C527FAFFCB96}.Release|iPhoneSimulator.ActiveCfg = Release|iPhoneSimulator
		{B59987F0-FFED-4C79-90A0-C527FAFFCB96}.Release|iPhoneSimulator.Build.0 = Release|iPhoneSimulator
		{B59987F0-FFED-4C79-90A0-C527FAFFCB96}.Release|x64.ActiveCfg = Release|iPhone
		{B59987F0-FFED-4C79-90A0-C527FAFFCB96}.Release|x86.ActiveCfg = Release|iPhone
		{9A8250B8-3147-4795-9825-A873C5641778}.Ad-Hoc|Any CPU.ActiveCfg = Release|Any CPU
		{9A8250B8-3147-4795-9825-A873C5641778}.Ad-Hoc|Any CPU.Build.0 = Release|Any CPU
		{9A8250B8-3147-4795-9825-A873C5641778}.Ad-Hoc|Any CPU.Deploy.0 = Release|Any CPU
		{9A8250B8-3147-4795-9825-A873C5641778}.Ad-Hoc|ARM.ActiveCfg = Release|ARM
		{9A8250B8-3147-4795-9825-A873C5641778}.Ad-Hoc|ARM.Build.0 = Release|ARM
		{9A8250B8-3147-4795-9825-A873C5641778}.Ad-Hoc|ARM.Deploy.0 = Release|ARM
		{9A8250B8-3147-4795-9825-A873C5641778}.Ad-Hoc|iPhone.ActiveCfg = Release|Any CPU
		{9A8250B8-3147-4795-9825-A873C5641778}.Ad-Hoc|iPhone.Build.0 = Release|Any CPU
		{9A8250B8-3147-4795-9825-A873C5641778}.Ad-Hoc|iPhone.Deploy.0 = Release|Any CPU
		{9A8250B8-3147-4795-9825-A873C5641778}.Ad-Hoc|iPhoneSimulator.ActiveCfg = Release|Any CPU
		{9A8250B8-3147-4795-9825-A873C5641778}.Ad-Hoc|iPhoneSimulator.Build.0 = Release|Any CPU
		{9A8250B8-3147-4795-9825-A873C5641778}.Ad-Hoc|iPhoneSimulator.Deploy.0 = Release|Any CPU
		{9A8250B8-3147-4795-9825-A873C5641778}.Ad-Hoc|x64.ActiveCfg = Release|Any CPU
		{9A8250B8-3147-4795-9825-A873C5641778}.Ad-Hoc|x64.Build.0 = Release|Any CPU
		{9A8250B8-3147-4795-9825-A873C5641778}.Ad-Hoc|x64.Deploy.0 = Release|Any CPU
		{9A8250B8-3147-4795-9825-A873C5641778}.Ad-Hoc|x86.ActiveCfg = Release|x86
		{9A8250B8-3147-4795-9825-A873C5641778}.Ad-Hoc|x86.Build.0 = Release|x86
		{9A8250B8-3147-4795-9825-A873C5641778}.Ad-Hoc|x86.Deploy.0 = Release|x86
		{9A8250B8-3147-4795-9825-A873C5641778}.AppStore|Any CPU.ActiveCfg = Release|Any CPU
		{9A8250B8-3147-4795-9825-A873C5641778}.AppStore|Any CPU.Build.0 = Release|Any CPU
		{9A8250B8-3147-4795-9825-A873C5641778}.AppStore|Any CPU.Deploy.0 = Release|Any CPU
		{9A8250B8-3147-4795-9825-A873C5641778}.AppStore|ARM.ActiveCfg = Release|ARM
		{9A8250B8-3147-4795-9825-A873C5641778}.AppStore|ARM.Build.0 = Release|ARM
		{9A8250B8-3147-4795-9825-A873C5641778}.AppStore|ARM.Deploy.0 = Release|ARM
		{9A8250B8-3147-4795-9825-A873C5641778}.AppStore|iPhone.ActiveCfg = Release|Any CPU
		{9A8250B8-3147-4795-9825-A873C5641778}.AppStore|iPhone.Build.0 = Release|Any CPU
		{9A8250B8-3147-4795-9825-A873C5641778}.AppStore|iPhone.Deploy.0 = Release|Any CPU
		{9A8250B8-3147-4795-9825-A873C5641778}.AppStore|iPhoneSimulator.ActiveCfg = Release|Any CPU
		{9A8250B8-3147-4795-9825-A873C5641778}.AppStore|iPhoneSimulator.Build.0 = Release|Any CPU
		{9A8250B8-3147-4795-9825-A873C5641778}.AppStore|iPhoneSimulator.Deploy.0 = Release|Any CPU
		{9A8250B8-3147-4795-9825-A873C5641778}.AppStore|x64.ActiveCfg = Release|Any CPU
		{9A8250B8-3147-4795-9825-A873C5641778}.AppStore|x64.Build.0 = Release|Any CPU
		{9A8250B8-3147-4795-9825-A873C5641778}.AppStore|x64.Deploy.0 = Release|Any CPU
		{9A8250B8-3147-4795-9825-A873C5641778}.AppStore|x86.ActiveCfg = Release|x86
		{9A8250B8-3147-4795-9825-A873C5641778}.AppStore|x86.Build.0 = Release|x86
		{9A8250B8-3147-4795-9825-A873C5641778}.AppStore|x86.Deploy.0 = Release|x86
		{9A8250B8-3147-4795-9825-A873C5641778}.Debug|Any CPU.ActiveCfg = Debug|Any CPU
		{9A8250B8-3147-4795-9825-A873C5641778}.Debug|Any CPU.Build.0 = Debug|Any CPU
		{9A8250B8-3147-4795-9825-A873C5641778}.Debug|Any CPU.Deploy.0 = Debug|Any CPU
		{9A8250B8-3147-4795-9825-A873C5641778}.Debug|ARM.ActiveCfg = Debug|ARM
		{9A8250B8-3147-4795-9825-A873C5641778}.Debug|ARM.Build.0 = Debug|ARM
		{9A8250B8-3147-4795-9825-A873C5641778}.Debug|ARM.Deploy.0 = Debug|ARM
		{9A8250B8-3147-4795-9825-A873C5641778}.Debug|iPhone.ActiveCfg = Debug|Any CPU
		{9A8250B8-3147-4795-9825-A873C5641778}.Debug|iPhone.Build.0 = Debug|Any CPU
		{9A8250B8-3147-4795-9825-A873C5641778}.Debug|iPhone.Deploy.0 = Debug|Any CPU
		{9A8250B8-3147-4795-9825-A873C5641778}.Debug|iPhoneSimulator.ActiveCfg = Debug|Any CPU
		{9A8250B8-3147-4795-9825-A873C5641778}.Debug|iPhoneSimulator.Build.0 = Debug|Any CPU
		{9A8250B8-3147-4795-9825-A873C5641778}.Debug|iPhoneSimulator.Deploy.0 = Debug|Any CPU
		{9A8250B8-3147-4795-9825-A873C5641778}.Debug|x64.ActiveCfg = Debug|Any CPU
		{9A8250B8-3147-4795-9825-A873C5641778}.Debug|x64.Build.0 = Debug|Any CPU
		{9A8250B8-3147-4795-9825-A873C5641778}.Debug|x64.Deploy.0 = Debug|Any CPU
		{9A8250B8-3147-4795-9825-A873C5641778}.Debug|x86.ActiveCfg = Debug|x86
		{9A8250B8-3147-4795-9825-A873C5641778}.Debug|x86.Build.0 = Debug|x86
		{9A8250B8-3147-4795-9825-A873C5641778}.Debug|x86.Deploy.0 = Debug|x86
		{9A8250B8-3147-4795-9825-A873C5641778}.Release|Any CPU.ActiveCfg = Release|Any CPU
		{9A8250B8-3147-4795-9825-A873C5641778}.Release|Any CPU.Build.0 = Release|Any CPU
		{9A8250B8-3147-4795-9825-A873C5641778}.Release|Any CPU.Deploy.0 = Release|Any CPU
		{9A8250B8-3147-4795-9825-A873C5641778}.Release|ARM.ActiveCfg = Release|ARM
		{9A8250B8-3147-4795-9825-A873C5641778}.Release|ARM.Build.0 = Release|ARM
		{9A8250B8-3147-4795-9825-A873C5641778}.Release|ARM.Deploy.0 = Release|ARM
		{9A8250B8-3147-4795-9825-A873C5641778}.Release|iPhone.ActiveCfg = Release|Any CPU
		{9A8250B8-3147-4795-9825-A873C5641778}.Release|iPhone.Build.0 = Release|Any CPU
		{9A8250B8-3147-4795-9825-A873C5641778}.Release|iPhone.Deploy.0 = Release|Any CPU
		{9A8250B8-3147-4795-9825-A873C5641778}.Release|iPhoneSimulator.ActiveCfg = Release|Any CPU
		{9A8250B8-3147-4795-9825-A873C5641778}.Release|iPhoneSimulator.Build.0 = Release|Any CPU
		{9A8250B8-3147-4795-9825-A873C5641778}.Release|iPhoneSimulator.Deploy.0 = Release|Any CPU
		{9A8250B8-3147-4795-9825-A873C5641778}.Release|x64.ActiveCfg = Release|Any CPU
		{9A8250B8-3147-4795-9825-A873C5641778}.Release|x64.Build.0 = Release|Any CPU
		{9A8250B8-3147-4795-9825-A873C5641778}.Release|x64.Deploy.0 = Release|Any CPU
		{9A8250B8-3147-4795-9825-A873C5641778}.Release|x86.ActiveCfg = Release|x86
		{9A8250B8-3147-4795-9825-A873C5641778}.Release|x86.Build.0 = Release|x86
		{9A8250B8-3147-4795-9825-A873C5641778}.Release|x86.Deploy.0 = Release|x86
		{94C8652E-7526-448C-8749-0A49E9591133}.Ad-Hoc|Any CPU.ActiveCfg = Release|x86
		{94C8652E-7526-448C-8749-0A49E9591133}.Ad-Hoc|Any CPU.Build.0 = Release|x86
		{94C8652E-7526-448C-8749-0A49E9591133}.Ad-Hoc|Any CPU.Deploy.0 = Release|x86
		{94C8652E-7526-448C-8749-0A49E9591133}.Ad-Hoc|ARM.ActiveCfg = Release|ARM
		{94C8652E-7526-448C-8749-0A49E9591133}.Ad-Hoc|ARM.Build.0 = Release|ARM
		{94C8652E-7526-448C-8749-0A49E9591133}.Ad-Hoc|ARM.Deploy.0 = Release|ARM
		{94C8652E-7526-448C-8749-0A49E9591133}.Ad-Hoc|iPhone.ActiveCfg = Release|x86
		{94C8652E-7526-448C-8749-0A49E9591133}.Ad-Hoc|iPhone.Build.0 = Release|x86
		{94C8652E-7526-448C-8749-0A49E9591133}.Ad-Hoc|iPhone.Deploy.0 = Release|x86
		{94C8652E-7526-448C-8749-0A49E9591133}.Ad-Hoc|iPhoneSimulator.ActiveCfg = Release|x86
		{94C8652E-7526-448C-8749-0A49E9591133}.Ad-Hoc|iPhoneSimulator.Build.0 = Release|x86
		{94C8652E-7526-448C-8749-0A49E9591133}.Ad-Hoc|iPhoneSimulator.Deploy.0 = Release|x86
		{94C8652E-7526-448C-8749-0A49E9591133}.Ad-Hoc|x64.ActiveCfg = Release|x64
		{94C8652E-7526-448C-8749-0A49E9591133}.Ad-Hoc|x64.Build.0 = Release|x64
		{94C8652E-7526-448C-8749-0A49E9591133}.Ad-Hoc|x64.Deploy.0 = Release|x64
		{94C8652E-7526-448C-8749-0A49E9591133}.Ad-Hoc|x86.ActiveCfg = Release|x86
		{94C8652E-7526-448C-8749-0A49E9591133}.Ad-Hoc|x86.Build.0 = Release|x86
		{94C8652E-7526-448C-8749-0A49E9591133}.Ad-Hoc|x86.Deploy.0 = Release|x86
		{94C8652E-7526-448C-8749-0A49E9591133}.AppStore|Any CPU.ActiveCfg = Release|x86
		{94C8652E-7526-448C-8749-0A49E9591133}.AppStore|Any CPU.Build.0 = Release|x86
		{94C8652E-7526-448C-8749-0A49E9591133}.AppStore|Any CPU.Deploy.0 = Release|x86
		{94C8652E-7526-448C-8749-0A49E9591133}.AppStore|ARM.ActiveCfg = Release|ARM
		{94C8652E-7526-448C-8749-0A49E9591133}.AppStore|ARM.Build.0 = Release|ARM
		{94C8652E-7526-448C-8749-0A49E9591133}.AppStore|ARM.Deploy.0 = Release|ARM
		{94C8652E-7526-448C-8749-0A49E9591133}.AppStore|iPhone.ActiveCfg = Release|x86
		{94C8652E-7526-448C-8749-0A49E9591133}.AppStore|iPhone.Build.0 = Release|x86
		{94C8652E-7526-448C-8749-0A49E9591133}.AppStore|iPhone.Deploy.0 = Release|x86
		{94C8652E-7526-448C-8749-0A49E9591133}.AppStore|iPhoneSimulator.ActiveCfg = Release|x86
		{94C8652E-7526-448C-8749-0A49E9591133}.AppStore|iPhoneSimulator.Build.0 = Release|x86
		{94C8652E-7526-448C-8749-0A49E9591133}.AppStore|iPhoneSimulator.Deploy.0 = Release|x86
		{94C8652E-7526-448C-8749-0A49E9591133}.AppStore|x64.ActiveCfg = Release|x64
		{94C8652E-7526-448C-8749-0A49E9591133}.AppStore|x64.Build.0 = Release|x64
		{94C8652E-7526-448C-8749-0A49E9591133}.AppStore|x64.Deploy.0 = Release|x64
		{94C8652E-7526-448C-8749-0A49E9591133}.AppStore|x86.ActiveCfg = Release|x86
		{94C8652E-7526-448C-8749-0A49E9591133}.AppStore|x86.Build.0 = Release|x86
		{94C8652E-7526-448C-8749-0A49E9591133}.AppStore|x86.Deploy.0 = Release|x86
		{94C8652E-7526-448C-8749-0A49E9591133}.Debug|Any CPU.ActiveCfg = Debug|x86
		{94C8652E-7526-448C-8749-0A49E9591133}.Debug|ARM.ActiveCfg = Debug|ARM
		{94C8652E-7526-448C-8749-0A49E9591133}.Debug|ARM.Build.0 = Debug|ARM
		{94C8652E-7526-448C-8749-0A49E9591133}.Debug|ARM.Deploy.0 = Debug|ARM
		{94C8652E-7526-448C-8749-0A49E9591133}.Debug|iPhone.ActiveCfg = Debug|x86
		{94C8652E-7526-448C-8749-0A49E9591133}.Debug|iPhoneSimulator.ActiveCfg = Debug|x86
		{94C8652E-7526-448C-8749-0A49E9591133}.Debug|x64.ActiveCfg = Debug|x64
		{94C8652E-7526-448C-8749-0A49E9591133}.Debug|x64.Build.0 = Debug|x64
		{94C8652E-7526-448C-8749-0A49E9591133}.Debug|x64.Deploy.0 = Debug|x64
		{94C8652E-7526-448C-8749-0A49E9591133}.Debug|x86.ActiveCfg = Debug|x86
		{94C8652E-7526-448C-8749-0A49E9591133}.Debug|x86.Build.0 = Debug|x86
		{94C8652E-7526-448C-8749-0A49E9591133}.Debug|x86.Deploy.0 = Debug|x86
		{94C8652E-7526-448C-8749-0A49E9591133}.Release|Any CPU.ActiveCfg = Release|x86
		{94C8652E-7526-448C-8749-0A49E9591133}.Release|ARM.ActiveCfg = Release|ARM
		{94C8652E-7526-448C-8749-0A49E9591133}.Release|ARM.Build.0 = Release|ARM
		{94C8652E-7526-448C-8749-0A49E9591133}.Release|ARM.Deploy.0 = Release|ARM
		{94C8652E-7526-448C-8749-0A49E9591133}.Release|iPhone.ActiveCfg = Release|x86
		{94C8652E-7526-448C-8749-0A49E9591133}.Release|iPhoneSimulator.ActiveCfg = Release|x86
		{94C8652E-7526-448C-8749-0A49E9591133}.Release|x64.ActiveCfg = Release|x64
		{94C8652E-7526-448C-8749-0A49E9591133}.Release|x64.Build.0 = Release|x64
		{94C8652E-7526-448C-8749-0A49E9591133}.Release|x64.Deploy.0 = Release|x64
		{94C8652E-7526-448C-8749-0A49E9591133}.Release|x86.ActiveCfg = Release|x86
		{94C8652E-7526-448C-8749-0A49E9591133}.Release|x86.Build.0 = Release|x86
		{94C8652E-7526-448C-8749-0A49E9591133}.Release|x86.Deploy.0 = Release|x86
		{2835D84D-632F-4596-A836-AE56A0B0209B}.Ad-Hoc|Any CPU.ActiveCfg = Release|Any CPU
		{2835D84D-632F-4596-A836-AE56A0B0209B}.Ad-Hoc|Any CPU.Build.0 = Release|Any CPU
		{2835D84D-632F-4596-A836-AE56A0B0209B}.Ad-Hoc|Any CPU.Deploy.0 = Release|Any CPU
		{2835D84D-632F-4596-A836-AE56A0B0209B}.Ad-Hoc|ARM.ActiveCfg = Release|ARM
		{2835D84D-632F-4596-A836-AE56A0B0209B}.Ad-Hoc|ARM.Build.0 = Release|ARM
		{2835D84D-632F-4596-A836-AE56A0B0209B}.Ad-Hoc|ARM.Deploy.0 = Release|ARM
		{2835D84D-632F-4596-A836-AE56A0B0209B}.Ad-Hoc|iPhone.ActiveCfg = Release|Any CPU
		{2835D84D-632F-4596-A836-AE56A0B0209B}.Ad-Hoc|iPhone.Build.0 = Release|Any CPU
		{2835D84D-632F-4596-A836-AE56A0B0209B}.Ad-Hoc|iPhone.Deploy.0 = Release|Any CPU
		{2835D84D-632F-4596-A836-AE56A0B0209B}.Ad-Hoc|iPhoneSimulator.ActiveCfg = Release|Any CPU
		{2835D84D-632F-4596-A836-AE56A0B0209B}.Ad-Hoc|iPhoneSimulator.Build.0 = Release|Any CPU
		{2835D84D-632F-4596-A836-AE56A0B0209B}.Ad-Hoc|iPhoneSimulator.Deploy.0 = Release|Any CPU
		{2835D84D-632F-4596-A836-AE56A0B0209B}.Ad-Hoc|x64.ActiveCfg = Release|x64
		{2835D84D-632F-4596-A836-AE56A0B0209B}.Ad-Hoc|x64.Build.0 = Release|x64
		{2835D84D-632F-4596-A836-AE56A0B0209B}.Ad-Hoc|x64.Deploy.0 = Release|x64
		{2835D84D-632F-4596-A836-AE56A0B0209B}.Ad-Hoc|x86.ActiveCfg = Release|x86
		{2835D84D-632F-4596-A836-AE56A0B0209B}.Ad-Hoc|x86.Build.0 = Release|x86
		{2835D84D-632F-4596-A836-AE56A0B0209B}.Ad-Hoc|x86.Deploy.0 = Release|x86
		{2835D84D-632F-4596-A836-AE56A0B0209B}.AppStore|Any CPU.ActiveCfg = Release|Any CPU
		{2835D84D-632F-4596-A836-AE56A0B0209B}.AppStore|Any CPU.Build.0 = Release|Any CPU
		{2835D84D-632F-4596-A836-AE56A0B0209B}.AppStore|Any CPU.Deploy.0 = Release|Any CPU
		{2835D84D-632F-4596-A836-AE56A0B0209B}.AppStore|ARM.ActiveCfg = Release|ARM
		{2835D84D-632F-4596-A836-AE56A0B0209B}.AppStore|ARM.Build.0 = Release|ARM
		{2835D84D-632F-4596-A836-AE56A0B0209B}.AppStore|ARM.Deploy.0 = Release|ARM
		{2835D84D-632F-4596-A836-AE56A0B0209B}.AppStore|iPhone.ActiveCfg = Release|Any CPU
		{2835D84D-632F-4596-A836-AE56A0B0209B}.AppStore|iPhone.Build.0 = Release|Any CPU
		{2835D84D-632F-4596-A836-AE56A0B0209B}.AppStore|iPhone.Deploy.0 = Release|Any CPU
		{2835D84D-632F-4596-A836-AE56A0B0209B}.AppStore|iPhoneSimulator.ActiveCfg = Release|Any CPU
		{2835D84D-632F-4596-A836-AE56A0B0209B}.AppStore|iPhoneSimulator.Build.0 = Release|Any CPU
		{2835D84D-632F-4596-A836-AE56A0B0209B}.AppStore|iPhoneSimulator.Deploy.0 = Release|Any CPU
		{2835D84D-632F-4596-A836-AE56A0B0209B}.AppStore|x64.ActiveCfg = Release|x64
		{2835D84D-632F-4596-A836-AE56A0B0209B}.AppStore|x64.Build.0 = Release|x64
		{2835D84D-632F-4596-A836-AE56A0B0209B}.AppStore|x64.Deploy.0 = Release|x64
		{2835D84D-632F-4596-A836-AE56A0B0209B}.AppStore|x86.ActiveCfg = Release|x86
		{2835D84D-632F-4596-A836-AE56A0B0209B}.AppStore|x86.Build.0 = Release|x86
		{2835D84D-632F-4596-A836-AE56A0B0209B}.AppStore|x86.Deploy.0 = Release|x86
		{2835D84D-632F-4596-A836-AE56A0B0209B}.Debug|Any CPU.ActiveCfg = Debug|Any CPU
		{2835D84D-632F-4596-A836-AE56A0B0209B}.Debug|Any CPU.Build.0 = Debug|Any CPU
		{2835D84D-632F-4596-A836-AE56A0B0209B}.Debug|Any CPU.Deploy.0 = Debug|Any CPU
		{2835D84D-632F-4596-A836-AE56A0B0209B}.Debug|ARM.ActiveCfg = Debug|ARM
		{2835D84D-632F-4596-A836-AE56A0B0209B}.Debug|ARM.Build.0 = Debug|ARM
		{2835D84D-632F-4596-A836-AE56A0B0209B}.Debug|ARM.Deploy.0 = Debug|ARM
		{2835D84D-632F-4596-A836-AE56A0B0209B}.Debug|iPhone.ActiveCfg = Debug|Any CPU
		{2835D84D-632F-4596-A836-AE56A0B0209B}.Debug|iPhone.Build.0 = Debug|Any CPU
		{2835D84D-632F-4596-A836-AE56A0B0209B}.Debug|iPhone.Deploy.0 = Debug|Any CPU
		{2835D84D-632F-4596-A836-AE56A0B0209B}.Debug|iPhoneSimulator.ActiveCfg = Debug|Any CPU
		{2835D84D-632F-4596-A836-AE56A0B0209B}.Debug|iPhoneSimulator.Build.0 = Debug|Any CPU
		{2835D84D-632F-4596-A836-AE56A0B0209B}.Debug|iPhoneSimulator.Deploy.0 = Debug|Any CPU
		{2835D84D-632F-4596-A836-AE56A0B0209B}.Debug|x64.ActiveCfg = Debug|x64
		{2835D84D-632F-4596-A836-AE56A0B0209B}.Debug|x64.Build.0 = Debug|x64
		{2835D84D-632F-4596-A836-AE56A0B0209B}.Debug|x64.Deploy.0 = Debug|x64
		{2835D84D-632F-4596-A836-AE56A0B0209B}.Debug|x86.ActiveCfg = Debug|x86
		{2835D84D-632F-4596-A836-AE56A0B0209B}.Debug|x86.Build.0 = Debug|x86
		{2835D84D-632F-4596-A836-AE56A0B0209B}.Debug|x86.Deploy.0 = Debug|x86
		{2835D84D-632F-4596-A836-AE56A0B0209B}.Release|Any CPU.ActiveCfg = Release|Any CPU
		{2835D84D-632F-4596-A836-AE56A0B0209B}.Release|Any CPU.Build.0 = Release|Any CPU
		{2835D84D-632F-4596-A836-AE56A0B0209B}.Release|Any CPU.Deploy.0 = Release|Any CPU
		{2835D84D-632F-4596-A836-AE56A0B0209B}.Release|ARM.ActiveCfg = Release|ARM
		{2835D84D-632F-4596-A836-AE56A0B0209B}.Release|ARM.Build.0 = Release|ARM
		{2835D84D-632F-4596-A836-AE56A0B0209B}.Release|ARM.Deploy.0 = Release|ARM
		{2835D84D-632F-4596-A836-AE56A0B0209B}.Release|iPhone.ActiveCfg = Release|Any CPU
		{2835D84D-632F-4596-A836-AE56A0B0209B}.Release|iPhone.Build.0 = Release|Any CPU
		{2835D84D-632F-4596-A836-AE56A0B0209B}.Release|iPhone.Deploy.0 = Release|Any CPU
		{2835D84D-632F-4596-A836-AE56A0B0209B}.Release|iPhoneSimulator.ActiveCfg = Release|Any CPU
		{2835D84D-632F-4596-A836-AE56A0B0209B}.Release|iPhoneSimulator.Build.0 = Release|Any CPU
		{2835D84D-632F-4596-A836-AE56A0B0209B}.Release|iPhoneSimulator.Deploy.0 = Release|Any CPU
		{2835D84D-632F-4596-A836-AE56A0B0209B}.Release|x64.ActiveCfg = Release|x64
		{2835D84D-632F-4596-A836-AE56A0B0209B}.Release|x64.Build.0 = Release|x64
		{2835D84D-632F-4596-A836-AE56A0B0209B}.Release|x64.Deploy.0 = Release|x64
		{2835D84D-632F-4596-A836-AE56A0B0209B}.Release|x86.ActiveCfg = Release|x86
		{2835D84D-632F-4596-A836-AE56A0B0209B}.Release|x86.Build.0 = Release|x86
		{2835D84D-632F-4596-A836-AE56A0B0209B}.Release|x86.Deploy.0 = Release|x86
	EndGlobalSection
	GlobalSection(SolutionProperties) = preSolution
		HideSolutionNode = FALSE
	EndGlobalSection
EndGlobal
